// !$*UTF8*$!
{
	archiveVersion = 1;
	classes = {
	};
	objectVersion = 52;
	objects = {

/* Begin PBXBuildFile section */
		630CF58623BBA1BF004FB4EA /* FixerAPI.swift in Sources */ = {isa = PBXBuildFile; fileRef = 630CF58523BBA1BF004FB4EA /* FixerAPI.swift */; };
		630CF58923BBA2EA004FB4EA /* Alamofire in Frameworks */ = {isa = PBXBuildFile; productRef = 630CF58823BBA2EA004FB4EA /* Alamofire */; };
		630CF58C23BBAA8A004FB4EA /* SwiftyJSON in Frameworks */ = {isa = PBXBuildFile; productRef = 630CF58B23BBAA8A004FB4EA /* SwiftyJSON */; };
		6336AC1723BCD2B2009233E6 /* CloudTranslationAPI.swift in Sources */ = {isa = PBXBuildFile; fileRef = 6336AC1623BCD2B2009233E6 /* CloudTranslationAPI.swift */; };
		6336AC1923BCD556009233E6 /* API.swift in Sources */ = {isa = PBXBuildFile; fileRef = 6336AC1823BCD556009233E6 /* API.swift */; };
		6336AC1B23BCE658009233E6 /* TranslationViewController.swift in Sources */ = {isa = PBXBuildFile; fileRef = 6336AC1A23BCE658009233E6 /* TranslationViewController.swift */; };
		634F1A4923BD0F94009037A9 /* UIViewController.swift in Sources */ = {isa = PBXBuildFile; fileRef = 634F1A4823BD0F94009037A9 /* UIViewController.swift */; };
		6382189D23BA3E8400346B11 /* AppDelegate.swift in Sources */ = {isa = PBXBuildFile; fileRef = 6382189C23BA3E8400346B11 /* AppDelegate.swift */; };
		6382189F23BA3E8400346B11 /* SceneDelegate.swift in Sources */ = {isa = PBXBuildFile; fileRef = 6382189E23BA3E8400346B11 /* SceneDelegate.swift */; };
		638218A123BA3E8400346B11 /* RateViewController.swift in Sources */ = {isa = PBXBuildFile; fileRef = 638218A023BA3E8400346B11 /* RateViewController.swift */; };
		638218A423BA3E8400346B11 /* Main.storyboard in Resources */ = {isa = PBXBuildFile; fileRef = 638218A223BA3E8400346B11 /* Main.storyboard */; };
		638218A623BA3E8500346B11 /* Assets.xcassets in Resources */ = {isa = PBXBuildFile; fileRef = 638218A523BA3E8500346B11 /* Assets.xcassets */; };
		638218B423BA3E8600346B11 /* LeBaluchonTests.swift in Sources */ = {isa = PBXBuildFile; fileRef = 638218B323BA3E8600346B11 /* LeBaluchonTests.swift */; };
		63BD64F723BA81C8008937AB /* .swiftlint.yml in Resources */ = {isa = PBXBuildFile; fileRef = 63BD64F623BA81C8008937AB /* .swiftlint.yml */; };
		63BD64F823BA81C8008937AB /* .swiftlint.yml in Resources */ = {isa = PBXBuildFile; fileRef = 63BD64F623BA81C8008937AB /* .swiftlint.yml */; };
/* End PBXBuildFile section */

/* Begin PBXContainerItemProxy section */
		638218B023BA3E8600346B11 /* PBXContainerItemProxy */ = {
			isa = PBXContainerItemProxy;
			containerPortal = 6382189123BA3E8400346B11 /* Project object */;
			proxyType = 1;
			remoteGlobalIDString = 6382189823BA3E8400346B11;
			remoteInfo = LeBaluchon;
		};
/* End PBXContainerItemProxy section */

/* Begin PBXFileReference section */
		630CF58523BBA1BF004FB4EA /* FixerAPI.swift */ = {isa = PBXFileReference; lastKnownFileType = sourcecode.swift; path = FixerAPI.swift; sourceTree = "<group>"; };
		6336AC1623BCD2B2009233E6 /* CloudTranslationAPI.swift */ = {isa = PBXFileReference; lastKnownFileType = sourcecode.swift; path = CloudTranslationAPI.swift; sourceTree = "<group>"; };
		6336AC1823BCD556009233E6 /* API.swift */ = {isa = PBXFileReference; lastKnownFileType = sourcecode.swift; path = API.swift; sourceTree = "<group>"; };
		6336AC1A23BCE658009233E6 /* TranslationViewController.swift */ = {isa = PBXFileReference; lastKnownFileType = sourcecode.swift; path = TranslationViewController.swift; sourceTree = "<group>"; };
		634F1A4823BD0F94009037A9 /* UIViewController.swift */ = {isa = PBXFileReference; lastKnownFileType = sourcecode.swift; path = UIViewController.swift; sourceTree = "<group>"; };
		6382189923BA3E8400346B11 /* LeBaluchon.app */ = {isa = PBXFileReference; explicitFileType = wrapper.application; includeInIndex = 0; path = LeBaluchon.app; sourceTree = BUILT_PRODUCTS_DIR; };
		6382189C23BA3E8400346B11 /* AppDelegate.swift */ = {isa = PBXFileReference; lastKnownFileType = sourcecode.swift; path = AppDelegate.swift; sourceTree = "<group>"; };
		6382189E23BA3E8400346B11 /* SceneDelegate.swift */ = {isa = PBXFileReference; lastKnownFileType = sourcecode.swift; path = SceneDelegate.swift; sourceTree = "<group>"; };
		638218A023BA3E8400346B11 /* RateViewController.swift */ = {isa = PBXFileReference; lastKnownFileType = sourcecode.swift; path = RateViewController.swift; sourceTree = "<group>"; };
		638218A323BA3E8400346B11 /* Base */ = {isa = PBXFileReference; lastKnownFileType = file.storyboard; name = Base; path = Base.lproj/Main.storyboard; sourceTree = "<group>"; };
		638218A523BA3E8500346B11 /* Assets.xcassets */ = {isa = PBXFileReference; lastKnownFileType = folder.assetcatalog; path = Assets.xcassets; sourceTree = "<group>"; };
		638218AA23BA3E8500346B11 /* Info.plist */ = {isa = PBXFileReference; lastKnownFileType = text.plist.xml; path = Info.plist; sourceTree = "<group>"; };
		638218AF23BA3E8600346B11 /* LeBaluchonTests.xctest */ = {isa = PBXFileReference; explicitFileType = wrapper.cfbundle; includeInIndex = 0; path = LeBaluchonTests.xctest; sourceTree = BUILT_PRODUCTS_DIR; };
		638218B323BA3E8600346B11 /* LeBaluchonTests.swift */ = {isa = PBXFileReference; lastKnownFileType = sourcecode.swift; path = LeBaluchonTests.swift; sourceTree = "<group>"; };
		638218B523BA3E8600346B11 /* Info.plist */ = {isa = PBXFileReference; lastKnownFileType = text.plist.xml; path = Info.plist; sourceTree = "<group>"; };
		63BD64F623BA81C8008937AB /* .swiftlint.yml */ = {isa = PBXFileReference; lastKnownFileType = text.yaml; path = .swiftlint.yml; sourceTree = "<group>"; };
/* End PBXFileReference section */

/* Begin PBXFrameworksBuildPhase section */
		6382189623BA3E8400346B11 /* Frameworks */ = {
			isa = PBXFrameworksBuildPhase;
			buildActionMask = 2147483647;
			files = (
				630CF58C23BBAA8A004FB4EA /* SwiftyJSON in Frameworks */,
				630CF58923BBA2EA004FB4EA /* Alamofire in Frameworks */,
			);
			runOnlyForDeploymentPostprocessing = 0;
		};
		638218AC23BA3E8600346B11 /* Frameworks */ = {
			isa = PBXFrameworksBuildPhase;
			buildActionMask = 2147483647;
			files = (
			);
			runOnlyForDeploymentPostprocessing = 0;
		};
/* End PBXFrameworksBuildPhase section */

/* Begin PBXGroup section */
		634F1A4723BD0F50009037A9 /* Extension */ = {
			isa = PBXGroup;
			children = (
				634F1A4823BD0F94009037A9 /* UIViewController.swift */,
			);
			path = Extension;
			sourceTree = "<group>";
		};
		636778CF23BA6E0F0010D0B9 /* View */ = {
			isa = PBXGroup;
			children = (
				638218A223BA3E8400346B11 /* Main.storyboard */,
			);
			path = View;
			sourceTree = "<group>";
		};
		636778D023BA6E190010D0B9 /* Controller */ = {
			isa = PBXGroup;
			children = (
				638218A023BA3E8400346B11 /* RateViewController.swift */,
				6336AC1A23BCE658009233E6 /* TranslationViewController.swift */,
			);
			path = Controller;
			sourceTree = "<group>";
		};
		636778D123BA6E270010D0B9 /* Support */ = {
			isa = PBXGroup;
			children = (
				6382189C23BA3E8400346B11 /* AppDelegate.swift */,
				6382189E23BA3E8400346B11 /* SceneDelegate.swift */,
				638218AA23BA3E8500346B11 /* Info.plist */,
				638218A523BA3E8500346B11 /* Assets.xcassets */,
			);
			path = Support;
			sourceTree = "<group>";
		};
		636778D223BA6E510010D0B9 /* Model */ = {
			isa = PBXGroup;
			children = (
				6336AC1823BCD556009233E6 /* API.swift */,
				630CF58523BBA1BF004FB4EA /* FixerAPI.swift */,
				6336AC1623BCD2B2009233E6 /* CloudTranslationAPI.swift */,
			);
			path = Model;
			sourceTree = "<group>";
		};
		6382189023BA3E8400346B11 = {
			isa = PBXGroup;
			children = (
				6382189B23BA3E8400346B11 /* LeBaluchon */,
				638218B223BA3E8600346B11 /* LeBaluchonTests */,
				6382189A23BA3E8400346B11 /* Products */,
				63BD64F623BA81C8008937AB /* .swiftlint.yml */,
			);
			sourceTree = "<group>";
		};
		6382189A23BA3E8400346B11 /* Products */ = {
			isa = PBXGroup;
			children = (
				6382189923BA3E8400346B11 /* LeBaluchon.app */,
				638218AF23BA3E8600346B11 /* LeBaluchonTests.xctest */,
			);
			name = Products;
			sourceTree = "<group>";
		};
		6382189B23BA3E8400346B11 /* LeBaluchon */ = {
			isa = PBXGroup;
			children = (
				636778D223BA6E510010D0B9 /* Model */,
				636778CF23BA6E0F0010D0B9 /* View */,
				636778D023BA6E190010D0B9 /* Controller */,
				634F1A4723BD0F50009037A9 /* Extension */,
				636778D123BA6E270010D0B9 /* Support */,
			);
			path = LeBaluchon;
			sourceTree = "<group>";
		};
		638218B223BA3E8600346B11 /* LeBaluchonTests */ = {
			isa = PBXGroup;
			children = (
				638218B323BA3E8600346B11 /* LeBaluchonTests.swift */,
				638218B523BA3E8600346B11 /* Info.plist */,
			);
			path = LeBaluchonTests;
			sourceTree = "<group>";
		};
/* End PBXGroup section */

/* Begin PBXNativeTarget section */
		6382189823BA3E8400346B11 /* LeBaluchon */ = {
			isa = PBXNativeTarget;
			buildConfigurationList = 638218B823BA3E8600346B11 /* Build configuration list for PBXNativeTarget "LeBaluchon" */;
			buildPhases = (
				6382189523BA3E8400346B11 /* Sources */,
				6382189623BA3E8400346B11 /* Frameworks */,
				6382189723BA3E8400346B11 /* Resources */,
				63BD64F523BA8166008937AB /* SwiftLint */,
			);
			buildRules = (
			);
			dependencies = (
			);
			name = LeBaluchon;
			packageProductDependencies = (
				630CF58823BBA2EA004FB4EA /* Alamofire */,
				630CF58B23BBAA8A004FB4EA /* SwiftyJSON */,
			);
			productName = LeBaluchon;
			productReference = 6382189923BA3E8400346B11 /* LeBaluchon.app */;
			productType = "com.apple.product-type.application";
		};
		638218AE23BA3E8600346B11 /* LeBaluchonTests */ = {
			isa = PBXNativeTarget;
			buildConfigurationList = 638218BB23BA3E8600346B11 /* Build configuration list for PBXNativeTarget "LeBaluchonTests" */;
			buildPhases = (
				638218AB23BA3E8600346B11 /* Sources */,
				638218AC23BA3E8600346B11 /* Frameworks */,
				638218AD23BA3E8600346B11 /* Resources */,
			);
			buildRules = (
			);
			dependencies = (
				638218B123BA3E8600346B11 /* PBXTargetDependency */,
			);
			name = LeBaluchonTests;
			productName = LeBaluchonTests;
			productReference = 638218AF23BA3E8600346B11 /* LeBaluchonTests.xctest */;
			productType = "com.apple.product-type.bundle.unit-test";
		};
/* End PBXNativeTarget section */

/* Begin PBXProject section */
		6382189123BA3E8400346B11 /* Project object */ = {
			isa = PBXProject;
			attributes = {
				LastSwiftUpdateCheck = 1130;
				LastUpgradeCheck = 1130;
				ORGANIZATIONNAME = "David Chea";
				TargetAttributes = {
					6382189823BA3E8400346B11 = {
						CreatedOnToolsVersion = 11.3;
					};
					638218AE23BA3E8600346B11 = {
						CreatedOnToolsVersion = 11.3;
						TestTargetID = 6382189823BA3E8400346B11;
					};
				};
			};
			buildConfigurationList = 6382189423BA3E8400346B11 /* Build configuration list for PBXProject "LeBaluchon" */;
			compatibilityVersion = "Xcode 9.3";
			developmentRegion = en;
			hasScannedForEncodings = 0;
			knownRegions = (
				en,
				Base,
			);
			mainGroup = 6382189023BA3E8400346B11;
			packageReferences = (
				630CF58723BBA2EA004FB4EA /* XCRemoteSwiftPackageReference "Alamofire" */,
				630CF58A23BBAA8A004FB4EA /* XCRemoteSwiftPackageReference "SwiftyJSON" */,
			);
			productRefGroup = 6382189A23BA3E8400346B11 /* Products */;
			projectDirPath = "";
			projectRoot = "";
			targets = (
				6382189823BA3E8400346B11 /* LeBaluchon */,
				638218AE23BA3E8600346B11 /* LeBaluchonTests */,
			);
		};
/* End PBXProject section */

/* Begin PBXResourcesBuildPhase section */
		6382189723BA3E8400346B11 /* Resources */ = {
			isa = PBXResourcesBuildPhase;
			buildActionMask = 2147483647;
			files = (
				63BD64F723BA81C8008937AB /* .swiftlint.yml in Resources */,
				638218A623BA3E8500346B11 /* Assets.xcassets in Resources */,
				638218A423BA3E8400346B11 /* Main.storyboard in Resources */,
			);
			runOnlyForDeploymentPostprocessing = 0;
		};
		638218AD23BA3E8600346B11 /* Resources */ = {
			isa = PBXResourcesBuildPhase;
			buildActionMask = 2147483647;
			files = (
				63BD64F823BA81C8008937AB /* .swiftlint.yml in Resources */,
			);
			runOnlyForDeploymentPostprocessing = 0;
		};
/* End PBXResourcesBuildPhase section */

/* Begin PBXShellScriptBuildPhase section */
		63BD64F523BA8166008937AB /* SwiftLint */ = {
			isa = PBXShellScriptBuildPhase;
			buildActionMask = 2147483647;
			files = (
			);
			inputFileListPaths = (
			);
			inputPaths = (
			);
			name = SwiftLint;
			outputFileListPaths = (
			);
			outputPaths = (
			);
			runOnlyForDeploymentPostprocessing = 0;
			shellPath = /bin/sh;
			shellScript = "if which swiftlint >/dev/null; then\n  swiftlint\nelse\n  echo \"warning: SwiftLint not installed, download from https://github.com/realm/SwiftLint\"\nfi\n";
		};
/* End PBXShellScriptBuildPhase section */

/* Begin PBXSourcesBuildPhase section */
		6382189523BA3E8400346B11 /* Sources */ = {
			isa = PBXSourcesBuildPhase;
			buildActionMask = 2147483647;
			files = (
				638218A123BA3E8400346B11 /* RateViewController.swift in Sources */,
				6336AC1B23BCE658009233E6 /* TranslationViewController.swift in Sources */,
				630CF58623BBA1BF004FB4EA /* FixerAPI.swift in Sources */,
				6382189D23BA3E8400346B11 /* AppDelegate.swift in Sources */,
				6382189F23BA3E8400346B11 /* SceneDelegate.swift in Sources */,
				6336AC1923BCD556009233E6 /* API.swift in Sources */,
				634F1A4923BD0F94009037A9 /* UIViewController.swift in Sources */,
				6336AC1723BCD2B2009233E6 /* CloudTranslationAPI.swift in Sources */,
			);
			runOnlyForDeploymentPostprocessing = 0;
		};
		638218AB23BA3E8600346B11 /* Sources */ = {
			isa = PBXSourcesBuildPhase;
			buildActionMask = 2147483647;
			files = (
				638218B423BA3E8600346B11 /* LeBaluchonTests.swift in Sources */,
			);
			runOnlyForDeploymentPostprocessing = 0;
		};
/* End PBXSourcesBuildPhase section */

/* Begin PBXTargetDependency section */
		638218B123BA3E8600346B11 /* PBXTargetDependency */ = {
			isa = PBXTargetDependency;
			target = 6382189823BA3E8400346B11 /* LeBaluchon */;
			targetProxy = 638218B023BA3E8600346B11 /* PBXContainerItemProxy */;
		};
/* End PBXTargetDependency section */

/* Begin PBXVariantGroup section */
		638218A223BA3E8400346B11 /* Main.storyboard */ = {
			isa = PBXVariantGroup;
			children = (
				638218A323BA3E8400346B11 /* Base */,
			);
			name = Main.storyboard;
			sourceTree = "<group>";
		};
/* End PBXVariantGroup section */

/* Begin XCBuildConfiguration section */
		638218B623BA3E8600346B11 /* Debug */ = {
			isa = XCBuildConfiguration;
			buildSettings = {
				ALWAYS_SEARCH_USER_PATHS = NO;
				CLANG_ANALYZER_NONNULL = YES;
				CLANG_ANALYZER_NUMBER_OBJECT_CONVERSION = YES_AGGRESSIVE;
				CLANG_CXX_LANGUAGE_STANDARD = "gnu++14";
				CLANG_CXX_LIBRARY = "libc++";
				CLANG_ENABLE_MODULES = YES;
				CLANG_ENABLE_OBJC_ARC = YES;
				CLANG_ENABLE_OBJC_WEAK = YES;
				CLANG_WARN_BLOCK_CAPTURE_AUTORELEASING = YES;
				CLANG_WARN_BOOL_CONVERSION = YES;
				CLANG_WARN_COMMA = YES;
				CLANG_WARN_CONSTANT_CONVERSION = YES;
				CLANG_WARN_DEPRECATED_OBJC_IMPLEMENTATIONS = YES;
				CLANG_WARN_DIRECT_OBJC_ISA_USAGE = YES_ERROR;
				CLANG_WARN_DOCUMENTATION_COMMENTS = YES;
				CLANG_WARN_EMPTY_BODY = YES;
				CLANG_WARN_ENUM_CONVERSION = YES;
				CLANG_WARN_INFINITE_RECURSION = YES;
				CLANG_WARN_INT_CONVERSION = YES;
				CLANG_WARN_NON_LITERAL_NULL_CONVERSION = YES;
				CLANG_WARN_OBJC_IMPLICIT_RETAIN_SELF = YES;
				CLANG_WARN_OBJC_LITERAL_CONVERSION = YES;
				CLANG_WARN_OBJC_ROOT_CLASS = YES_ERROR;
				CLANG_WARN_RANGE_LOOP_ANALYSIS = YES;
				CLANG_WARN_STRICT_PROTOTYPES = YES;
				CLANG_WARN_SUSPICIOUS_MOVE = YES;
				CLANG_WARN_UNGUARDED_AVAILABILITY = YES_AGGRESSIVE;
				CLANG_WARN_UNREACHABLE_CODE = YES;
				CLANG_WARN__DUPLICATE_METHOD_MATCH = YES;
				COPY_PHASE_STRIP = NO;
				DEBUG_INFORMATION_FORMAT = dwarf;
				ENABLE_STRICT_OBJC_MSGSEND = YES;
				ENABLE_TESTABILITY = YES;
				GCC_C_LANGUAGE_STANDARD = gnu11;
				GCC_DYNAMIC_NO_PIC = NO;
				GCC_NO_COMMON_BLOCKS = YES;
				GCC_OPTIMIZATION_LEVEL = 0;
				GCC_PREPROCESSOR_DEFINITIONS = (
					"DEBUG=1",
					"$(inherited)",
				);
				GCC_WARN_64_TO_32_BIT_CONVERSION = YES;
				GCC_WARN_ABOUT_RETURN_TYPE = YES_ERROR;
				GCC_WARN_UNDECLARED_SELECTOR = YES;
				GCC_WARN_UNINITIALIZED_AUTOS = YES_AGGRESSIVE;
				GCC_WARN_UNUSED_FUNCTION = YES;
				GCC_WARN_UNUSED_VARIABLE = YES;
				IPHONEOS_DEPLOYMENT_TARGET = 13.2;
				MTL_ENABLE_DEBUG_INFO = INCLUDE_SOURCE;
				MTL_FAST_MATH = YES;
				ONLY_ACTIVE_ARCH = YES;
				SDKROOT = iphoneos;
				SWIFT_ACTIVE_COMPILATION_CONDITIONS = DEBUG;
				SWIFT_OPTIMIZATION_LEVEL = "-Onone";
			};
			name = Debug;
		};
		638218B723BA3E8600346B11 /* Release */ = {
			isa = XCBuildConfiguration;
			buildSettings = {
				ALWAYS_SEARCH_USER_PATHS = NO;
				CLANG_ANALYZER_NONNULL = YES;
				CLANG_ANALYZER_NUMBER_OBJECT_CONVERSION = YES_AGGRESSIVE;
				CLANG_CXX_LANGUAGE_STANDARD = "gnu++14";
				CLANG_CXX_LIBRARY = "libc++";
				CLANG_ENABLE_MODULES = YES;
				CLANG_ENABLE_OBJC_ARC = YES;
				CLANG_ENABLE_OBJC_WEAK = YES;
				CLANG_WARN_BLOCK_CAPTURE_AUTORELEASING = YES;
				CLANG_WARN_BOOL_CONVERSION = YES;
				CLANG_WARN_COMMA = YES;
				CLANG_WARN_CONSTANT_CONVERSION = YES;
				CLANG_WARN_DEPRECATED_OBJC_IMPLEMENTATIONS = YES;
				CLANG_WARN_DIRECT_OBJC_ISA_USAGE = YES_ERROR;
				CLANG_WARN_DOCUMENTATION_COMMENTS = YES;
				CLANG_WARN_EMPTY_BODY = YES;
				CLANG_WARN_ENUM_CONVERSION = YES;
				CLANG_WARN_INFINITE_RECURSION = YES;
				CLANG_WARN_INT_CONVERSION = YES;
				CLANG_WARN_NON_LITERAL_NULL_CONVERSION = YES;
				CLANG_WARN_OBJC_IMPLICIT_RETAIN_SELF = YES;
				CLANG_WARN_OBJC_LITERAL_CONVERSION = YES;
				CLANG_WARN_OBJC_ROOT_CLASS = YES_ERROR;
				CLANG_WARN_RANGE_LOOP_ANALYSIS = YES;
				CLANG_WARN_STRICT_PROTOTYPES = YES;
				CLANG_WARN_SUSPICIOUS_MOVE = YES;
				CLANG_WARN_UNGUARDED_AVAILABILITY = YES_AGGRESSIVE;
				CLANG_WARN_UNREACHABLE_CODE = YES;
				CLANG_WARN__DUPLICATE_METHOD_MATCH = YES;
				COPY_PHASE_STRIP = NO;
				DEBUG_INFORMATION_FORMAT = "dwarf-with-dsym";
				ENABLE_NS_ASSERTIONS = NO;
				ENABLE_STRICT_OBJC_MSGSEND = YES;
				GCC_C_LANGUAGE_STANDARD = gnu11;
				GCC_NO_COMMON_BLOCKS = YES;
				GCC_WARN_64_TO_32_BIT_CONVERSION = YES;
				GCC_WARN_ABOUT_RETURN_TYPE = YES_ERROR;
				GCC_WARN_UNDECLARED_SELECTOR = YES;
				GCC_WARN_UNINITIALIZED_AUTOS = YES_AGGRESSIVE;
				GCC_WARN_UNUSED_FUNCTION = YES;
				GCC_WARN_UNUSED_VARIABLE = YES;
				IPHONEOS_DEPLOYMENT_TARGET = 13.2;
				MTL_ENABLE_DEBUG_INFO = NO;
				MTL_FAST_MATH = YES;
				SDKROOT = iphoneos;
				SWIFT_COMPILATION_MODE = wholemodule;
				SWIFT_OPTIMIZATION_LEVEL = "-O";
				VALIDATE_PRODUCT = YES;
			};
			name = Release;
		};
		638218B923BA3E8600346B11 /* Debug */ = {
			isa = XCBuildConfiguration;
			buildSettings = {
				ASSETCATALOG_COMPILER_APPICON_NAME = AppIcon;
				CODE_SIGN_STYLE = Automatic;
				DEVELOPMENT_TEAM = 6P9G69HDM7;
				INFOPLIST_FILE = "$(SRCROOT)/LeBaluchon/Support/Info.plist";
				LD_RUNPATH_SEARCH_PATHS = (
					"$(inherited)",
					"@executable_path/Frameworks",
				);
				PRODUCT_BUNDLE_IDENTIFIER = com.davidchea.LeBaluchon;
				PRODUCT_NAME = "$(TARGET_NAME)";
				SWIFT_VERSION = 5.0;
				TARGETED_DEVICE_FAMILY = 1;
			};
			name = Debug;
		};
		638218BA23BA3E8600346B11 /* Release */ = {
			isa = XCBuildConfiguration;
			buildSettings = {
				ASSETCATALOG_COMPILER_APPICON_NAME = AppIcon;
				CODE_SIGN_STYLE = Automatic;
				DEVELOPMENT_TEAM = 6P9G69HDM7;
				INFOPLIST_FILE = "$(SRCROOT)/LeBaluchon/Support/Info.plist";
				LD_RUNPATH_SEARCH_PATHS = (
					"$(inherited)",
					"@executable_path/Frameworks",
				);
				PRODUCT_BUNDLE_IDENTIFIER = com.davidchea.LeBaluchon;
				PRODUCT_NAME = "$(TARGET_NAME)";
				SWIFT_VERSION = 5.0;
				TARGETED_DEVICE_FAMILY = 1;
			};
			name = Release;
		};
		638218BC23BA3E8600346B11 /* Debug */ = {
			isa = XCBuildConfiguration;
			buildSettings = {
				ALWAYS_EMBED_SWIFT_STANDARD_LIBRARIES = YES;
				BUNDLE_LOADER = "$(TEST_HOST)";
				CODE_SIGN_STYLE = Automatic;
				DEVELOPMENT_TEAM = 6P9G69HDM7;
				INFOPLIST_FILE = LeBaluchonTests/Info.plist;
				IPHONEOS_DEPLOYMENT_TARGET = 13.2;
				LD_RUNPATH_SEARCH_PATHS = (
					"$(inherited)",
					"@executable_path/Frameworks",
					"@loader_path/Frameworks",
				);
				PRODUCT_BUNDLE_IDENTIFIER = com.davidchea.LeBaluchonTests;
				PRODUCT_NAME = "$(TARGET_NAME)";
				SWIFT_VERSION = 5.0;
				TARGETED_DEVICE_FAMILY = "1,2";
				TEST_HOST = "$(BUILT_PRODUCTS_DIR)/LeBaluchon.app/LeBaluchon";
			};
			name = Debug;
		};
		638218BD23BA3E8600346B11 /* Release */ = {
			isa = XCBuildConfiguration;
			buildSettings = {
				ALWAYS_EMBED_SWIFT_STANDARD_LIBRARIES = YES;
				BUNDLE_LOADER = "$(TEST_HOST)";
				CODE_SIGN_STYLE = Automatic;
				DEVELOPMENT_TEAM = 6P9G69HDM7;
				INFOPLIST_FILE = LeBaluchonTests/Info.plist;
				IPHONEOS_DEPLOYMENT_TARGET = 13.2;
				LD_RUNPATH_SEARCH_PATHS = (
					"$(inherited)",
					"@executable_path/Frameworks",
					"@loader_path/Frameworks",
				);
				PRODUCT_BUNDLE_IDENTIFIER = com.davidchea.LeBaluchonTests;
				PRODUCT_NAME = "$(TARGET_NAME)";
				SWIFT_VERSION = 5.0;
				TARGETED_DEVICE_FAMILY = "1,2";
				TEST_HOST = "$(BUILT_PRODUCTS_DIR)/LeBaluchon.app/LeBaluchon";
			};
			name = Release;
		};
/* End XCBuildConfiguration section */

/* Begin XCConfigurationList section */
		6382189423BA3E8400346B11 /* Build configuration list for PBXProject "LeBaluchon" */ = {
			isa = XCConfigurationList;
			buildConfigurations = (
				638218B623BA3E8600346B11 /* Debug */,
				638218B723BA3E8600346B11 /* Release */,
			);
			defaultConfigurationIsVisible = 0;
			defaultConfigurationName = Release;
		};
		638218B823BA3E8600346B11 /* Build configuration list for PBXNativeTarget "LeBaluchon" */ = {
			isa = XCConfigurationList;
			buildConfigurations = (
				638218B923BA3E8600346B11 /* Debug */,
				638218BA23BA3E8600346B11 /* Release */,
			);
			defaultConfigurationIsVisible = 0;
			defaultConfigurationName = Release;
		};
		638218BB23BA3E8600346B11 /* Build configuration list for PBXNativeTarget "LeBaluchonTests" */ = {
			isa = XCConfigurationList;
			buildConfigurations = (
				638218BC23BA3E8600346B11 /* Debug */,
				638218BD23BA3E8600346B11 /* Release */,
			);
			defaultConfigurationIsVisible = 0;
			defaultConfigurationName = Release;
		};
/* End XCConfigurationList section */

/* Begin XCRemoteSwiftPackageReference section */
		630CF58723BBA2EA004FB4EA /* XCRemoteSwiftPackageReference "Alamofire" */ = {
			isa = XCRemoteSwiftPackageReference;
			repositoryURL = "https://github.com/Alamofire/Alamofire.git";
			requirement = {
				kind = upToNextMajorVersion;
				minimumVersion = 4.9.1;
			};
		};
		630CF58A23BBAA8A004FB4EA /* XCRemoteSwiftPackageReference "SwiftyJSON" */ = {
			isa = XCRemoteSwiftPackageReference;
			repositoryURL = "https://github.com/SwiftyJSON/SwiftyJSON.git";
			requirement = {
				kind = upToNextMajorVersion;
				minimumVersion = 5.0.0;
			};
		};
/* End XCRemoteSwiftPackageReference section */

/* Begin XCSwiftPackageProductDependency section */
		630CF58823BBA2EA004FB4EA /* Alamofire */ = {
			isa = XCSwiftPackageProductDependency;
			package = 630CF58723BBA2EA004FB4EA /* XCRemoteSwiftPackageReference "Alamofire" */;
			productName = Alamofire;
		};
		630CF58B23BBAA8A004FB4EA /* SwiftyJSON */ = {
			isa = XCSwiftPackageProductDependency;
			package = 630CF58A23BBAA8A004FB4EA /* XCRemoteSwiftPackageReference "SwiftyJSON" */;
			productName = SwiftyJSON;
		};
/* End XCSwiftPackageProductDependency section */
	};
	rootObject = 6382189123BA3E8400346B11 /* Project object */;
}
